{
  "nodes": {
    "nixpkgs": {
      "locked": {
        "lastModified": 1756818701,
        "narHash": "sha256-IQSyJicTAvrE3xfLbrYnr6s9kIUmhNRZGbcBdvW6KEM=",
        "owner": "NixOS",
        "repo": "nixpkgs",
        "rev": "c9f568d3f09178f499e454b1cad4eba5041b8259",
        "type": "github"
      },
      "original": {
        "owner": "NixOS",
        "repo": "nixpkgs",
        "rev": "c9f568d3f09178f499e454b1cad4eba5041b8259",
        "type": "github"
      }
    },
    "root": {
      "inputs": {
        "nixpkgs": "nixpkgs"
      }
    }
  },
  "root": "root",
  "version": 7
}
